
Microsoft Visual Studio Solution File, Format Version 12.00
# Visual Studio Version 17
VisualStudioVersion = 17.12.35707.178
MinimumVisualStudioVersion = 10.0.40219.1
Project("{FAE04EC0-301F-11D3-BF4B-00C04F79EFBC}") = "MAUI_DecimalPointTesting", "MAUI_DecimalPointTesting.csproj", "{F19D290F-DBB2-46B7-A663-782772886F72}"
EndProject
Global
	GlobalSection(SolutionConfigurationPlatforms) = preSolution
		Debug|Any CPU = Debug|Any CPU
		Release|Any CPU = Release|Any CPU
	EndGlobalSection
	GlobalSection(ProjectConfigurationPlatforms) = postSolution
		{F19D290F-DBB2-46B7-A663-782772886F72}.Debug|Any CPU.ActiveCfg = Debug|Any CPU
		{F19D290F-DBB2-46B7-A663-782772886F72}.Debug|Any CPU.Build.0 = Debug|Any CPU
		{F19D290F-DBB2-46B7-A663-782772886F72}.Debug|Any CPU.Deploy.0 = Debug|Any CPU
		{F19D290F-DBB2-46B7-A663-782772886F72}.Release|Any CPU.ActiveCfg = Release|Any CPU
		{F19D290F-DBB2-46B7-A663-782772886F72}.Release|Any CPU.Build.0 = Release|Any CPU
	EndGlobalSection
	GlobalSection(SolutionProperties) = preSolution
		HideSolutionNode = FALSE
	EndGlobalSection
EndGlobal
